// !$*UTF8*$!
{
	archiveVersion = 1;
	classes = {
	};
	objectVersion = 77;
	objects = {

/* Begin PBXBuildFile section */
		A352EE2A2EA29D5B0011B9D6 /* Assets.xcassets in Resources */ = {isa = PBXBuildFile; fileRef = A352EE192EA29D5B0011B9D6 /* Assets.xcassets */; };
		A352EE772EA29FF60011B9D6 /* ImageLoader.swift in Sources */ = {isa = PBXBuildFile; fileRef = A352EE6A2EA29FF60011B9D6 /* ImageLoader.swift */; };
		A352EE782EA29FF60011B9D6 /* HTTPClient.swift in Sources */ = {isa = PBXBuildFile; fileRef = A352EE692EA29FF60011B9D6 /* HTTPClient.swift */; };
		A352EE792EA29FF60011B9D6 /* ReelsPagerRepresentable.swift in Sources */ = {isa = PBXBuildFile; fileRef = A352EE6F2EA29FF60011B9D6 /* ReelsPagerRepresentable.swift */; };
		A352EE7A2EA29FF60011B9D6 /* MainView.swift in Sources */ = {isa = PBXBuildFile; fileRef = A352EE6C2EA29FF60011B9D6 /* MainView.swift */; };
		A352EE7B2EA29FF60011B9D6 /* SnappingFlowLayout.swift in Sources */ = {isa = PBXBuildFile; fileRef = A352EE742EA29FF60011B9D6 /* SnappingFlowLayout.swift */; };
		A352EE7C2EA29FF60011B9D6 /* ReelsViewModel.swift in Sources */ = {isa = PBXBuildFile; fileRef = A352EE732EA29FF60011B9D6 /* ReelsViewModel.swift */; };
		A352EE7D2EA29FF60011B9D6 /* ReelsPreheater.swift in Sources */ = {isa = PBXBuildFile; fileRef = A352EE712EA29FF60011B9D6 /* ReelsPreheater.swift */; };
		A352EE7F2EA29FF60011B9D6 /* VideoRecommendation.swift in Sources */ = {isa = PBXBuildFile; fileRef = A352EE752EA29FF60011B9D6 /* VideoRecommendation.swift */; };
		A352EE802EA29FF60011B9D6 /* ReelsPagerViewController.swift in Sources */ = {isa = PBXBuildFile; fileRef = A352EE702EA29FF60011B9D6 /* ReelsPagerViewController.swift */; };
		A352EE812EA29FF60011B9D6 /* VideoRepository.swift in Sources */ = {isa = PBXBuildFile; fileRef = A352EE762EA29FF60011B9D6 /* VideoRepository.swift */; };
		A352EE822EA29FF60011B9D6 /* ReelCell.swift in Sources */ = {isa = PBXBuildFile; fileRef = A352EE6E2EA29FF60011B9D6 /* ReelCell.swift */; };
		A352EE832EA29FF60011B9D6 /* ReelsView.swift in Sources */ = {isa = PBXBuildFile; fileRef = A352EE722EA29FF60011B9D6 /* ReelsView.swift */; };
		A352EE842EA29FF60011B9D6 /* DemoApp.swift in Sources */ = {isa = PBXBuildFile; fileRef = A352EE672EA29FF60011B9D6 /* DemoApp.swift */; };
		A352EE852EA29FF60011B9D6 /* PlayerSurfaceUIView.swift in Sources */ = {isa = PBXBuildFile; fileRef = A352EE6D2EA29FF60011B9D6 /* PlayerSurfaceUIView.swift */; };
		A352EE862EA29FF60011B9D6 /* InteresnoAPI.swift in Sources */ = {isa = PBXBuildFile; fileRef = A352EE6B2EA29FF60011B9D6 /* InteresnoAPI.swift */; };
		A352EE882EA2A0480011B9D6 /* ReelsDetailView.swift in Sources */ = {isa = PBXBuildFile; fileRef = A352EE872EA2A0480011B9D6 /* ReelsDetailView.swift */; };
/* End PBXBuildFile section */

/* Begin PBXFileReference section */
		A352EDC72EA27D620011B9D6 /* HLSDemo2.app */ = {isa = PBXFileReference; explicitFileType = wrapper.application; includeInIndex = 0; path = HLSDemo2.app; sourceTree = BUILT_PRODUCTS_DIR; };
		A352EE192EA29D5B0011B9D6 /* Assets.xcassets */ = {isa = PBXFileReference; lastKnownFileType = folder.assetcatalog; path = Assets.xcassets; sourceTree = "<group>"; };
		A352EE672EA29FF60011B9D6 /* DemoApp.swift */ = {isa = PBXFileReference; lastKnownFileType = sourcecode.swift; path = DemoApp.swift; sourceTree = "<group>"; };
		A352EE692EA29FF60011B9D6 /* HTTPClient.swift */ = {isa = PBXFileReference; lastKnownFileType = sourcecode.swift; path = HTTPClient.swift; sourceTree = "<group>"; };
		A352EE6A2EA29FF60011B9D6 /* ImageLoader.swift */ = {isa = PBXFileReference; lastKnownFileType = sourcecode.swift; path = ImageLoader.swift; sourceTree = "<group>"; };
		A352EE6B2EA29FF60011B9D6 /* InteresnoAPI.swift */ = {isa = PBXFileReference; lastKnownFileType = sourcecode.swift; path = InteresnoAPI.swift; sourceTree = "<group>"; };
		A352EE6C2EA29FF60011B9D6 /* MainView.swift */ = {isa = PBXFileReference; lastKnownFileType = sourcecode.swift; path = MainView.swift; sourceTree = "<group>"; };
		A352EE6D2EA29FF60011B9D6 /* PlayerSurfaceUIView.swift */ = {isa = PBXFileReference; lastKnownFileType = sourcecode.swift; path = PlayerSurfaceUIView.swift; sourceTree = "<group>"; };
		A352EE6E2EA29FF60011B9D6 /* ReelCell.swift */ = {isa = PBXFileReference; lastKnownFileType = sourcecode.swift; path = ReelCell.swift; sourceTree = "<group>"; };
		A352EE6F2EA29FF60011B9D6 /* ReelsPagerRepresentable.swift */ = {isa = PBXFileReference; lastKnownFileType = sourcecode.swift; path = ReelsPagerRepresentable.swift; sourceTree = "<group>"; };
		A352EE702EA29FF60011B9D6 /* ReelsPagerViewController.swift */ = {isa = PBXFileReference; lastKnownFileType = sourcecode.swift; path = ReelsPagerViewController.swift; sourceTree = "<group>"; };
		A352EE712EA29FF60011B9D6 /* ReelsPreheater.swift */ = {isa = PBXFileReference; lastKnownFileType = sourcecode.swift; path = ReelsPreheater.swift; sourceTree = "<group>"; };
		A352EE722EA29FF60011B9D6 /* ReelsView.swift */ = {isa = PBXFileReference; lastKnownFileType = sourcecode.swift; path = ReelsView.swift; sourceTree = "<group>"; };
		A352EE732EA29FF60011B9D6 /* ReelsViewModel.swift */ = {isa = PBXFileReference; lastKnownFileType = sourcecode.swift; path = ReelsViewModel.swift; sourceTree = "<group>"; };
		A352EE742EA29FF60011B9D6 /* SnappingFlowLayout.swift */ = {isa = PBXFileReference; lastKnownFileType = sourcecode.swift; path = SnappingFlowLayout.swift; sourceTree = "<group>"; };
		A352EE752EA29FF60011B9D6 /* VideoRecommendation.swift */ = {isa = PBXFileReference; lastKnownFileType = sourcecode.swift; path = VideoRecommendation.swift; sourceTree = "<group>"; };
		A352EE762EA29FF60011B9D6 /* VideoRepository.swift */ = {isa = PBXFileReference; lastKnownFileType = sourcecode.swift; path = VideoRepository.swift; sourceTree = "<group>"; };
		A352EE872EA2A0480011B9D6 /* ReelsDetailView.swift */ = {isa = PBXFileReference; lastKnownFileType = sourcecode.swift; path = ReelsDetailView.swift; sourceTree = "<group>"; };
/* End PBXFileReference section */

/* Begin PBXFrameworksBuildPhase section */
		A352EDC42EA27D620011B9D6 /* Frameworks */ = {
			isa = PBXFrameworksBuildPhase;
			buildActionMask = 2147483647;
			files = (
			);
			runOnlyForDeploymentPostprocessing = 0;
		};
/* End PBXFrameworksBuildPhase section */

/* Begin PBXGroup section */
		A352EDBE2EA27D620011B9D6 = {
			isa = PBXGroup;
			children = (
				A352EE292EA29D5B0011B9D6 /* HLSDemo2 */,
				A352EDC82EA27D620011B9D6 /* Products */,
			);
			sourceTree = "<group>";
		};
		A352EDC82EA27D620011B9D6 /* Products */ = {
			isa = PBXGroup;
			children = (
				A352EDC72EA27D620011B9D6 /* HLSDemo2.app */,
			);
			name = Products;
			sourceTree = "<group>";
		};
		A352EE292EA29D5B0011B9D6 /* HLSDemo2 */ = {
			isa = PBXGroup;
			children = (
				A352EE8D2EA2A4690011B9D6 /* Presentation */,
				A352EE8C2EA2A4420011B9D6 /* Infrastructure */,
				A352EE8A2EA2A4080011B9D6 /* Domain */,
				A352EE892EA2A3F30011B9D6 /* App */,
				A352EE192EA29D5B0011B9D6 /* Assets.xcassets */,
			);
			path = HLSDemo2;
			sourceTree = "<group>";
		};
		A352EE892EA2A3F30011B9D6 /* App */ = {
			isa = PBXGroup;
			children = (
				A352EE672EA29FF60011B9D6 /* DemoApp.swift */,
			);
			path = App;
			sourceTree = "<group>";
		};
		A352EE8A2EA2A4080011B9D6 /* Domain */ = {
			isa = PBXGroup;
			children = (
				A352EE752EA29FF60011B9D6 /* VideoRecommendation.swift */,
				A352EE762EA29FF60011B9D6 /* VideoRepository.swift */,
			);
			path = Domain;
			sourceTree = "<group>";
		};
		A352EE8C2EA2A4420011B9D6 /* Infrastructure */ = {
			isa = PBXGroup;
			children = (
				A352EE6B2EA29FF60011B9D6 /* InteresnoAPI.swift */,
				A352EE6A2EA29FF60011B9D6 /* ImageLoader.swift */,
				A352EE712EA29FF60011B9D6 /* ReelsPreheater.swift */,
				A352EE692EA29FF60011B9D6 /* HTTPClient.swift */,
			);
			path = Infrastructure;
			sourceTree = "<group>";
		};
		A352EE8D2EA2A4690011B9D6 /* Presentation */ = {
			isa = PBXGroup;
			children = (
				A352EE912EA2A5590011B9D6 /* Scenes */,
			);
			path = Presentation;
			sourceTree = "<group>";
		};
		A352EE8E2EA2A4710011B9D6 /* Reels */ = {
			isa = PBXGroup;
			children = (
				A352EE932EA2A56F0011B9D6 /* ViewModels */,
				A352EE902EA2A5360011B9D6 /* UIKit */,
				A352EE8F2EA2A50B0011B9D6 /* Views */,
			);
			path = Reels;
			sourceTree = "<group>";
		};
		A352EE8F2EA2A50B0011B9D6 /* Views */ = {
			isa = PBXGroup;
			children = (
				A352EE6E2EA29FF60011B9D6 /* ReelCell.swift */,
				A352EE6D2EA29FF60011B9D6 /* PlayerSurfaceUIView.swift */,
				A352EE6F2EA29FF60011B9D6 /* ReelsPagerRepresentable.swift */,
				A352EE872EA2A0480011B9D6 /* ReelsDetailView.swift */,
				A352EE722EA29FF60011B9D6 /* ReelsView.swift */,
			);
			path = Views;
			sourceTree = "<group>";
		};
		A352EE902EA2A5360011B9D6 /* UIKit */ = {
			isa = PBXGroup;
			children = (
				A352EE702EA29FF60011B9D6 /* ReelsPagerViewController.swift */,
				A352EE742EA29FF60011B9D6 /* SnappingFlowLayout.swift */,
			);
			path = UIKit;
			sourceTree = "<group>";
		};
		A352EE912EA2A5590011B9D6 /* Scenes */ = {
			isa = PBXGroup;
			children = (
				A352EE922EA2A5630011B9D6 /* Main */,
				A352EE8E2EA2A4710011B9D6 /* Reels */,
			);
			path = Scenes;
			sourceTree = "<group>";
		};
		A352EE922EA2A5630011B9D6 /* Main */ = {
			isa = PBXGroup;
			children = (
				A352EE6C2EA29FF60011B9D6 /* MainView.swift */,
			);
			path = Main;
			sourceTree = "<group>";
		};
		A352EE932EA2A56F0011B9D6 /* ViewModels */ = {
			isa = PBXGroup;
			children = (
				A352EE732EA29FF60011B9D6 /* ReelsViewModel.swift */,
			);
			path = ViewModels;
			sourceTree = "<group>";
		};
/* End PBXGroup section */

/* Begin PBXNativeTarget section */
		A352EDC62EA27D620011B9D6 /* HLSDemo2 */ = {
			isa = PBXNativeTarget;
			buildConfigurationList = A352EDD22EA27D650011B9D6 /* Build configuration list for PBXNativeTarget "HLSDemo2" */;
			buildPhases = (
				A352EDC32EA27D620011B9D6 /* Sources */,
				A352EDC42EA27D620011B9D6 /* Frameworks */,
				A352EDC52EA27D620011B9D6 /* Resources */,
			);
			buildRules = (
			);
			dependencies = (
			);
			name = HLSDemo2;
			packageProductDependencies = (
			);
			productName = HLSDemo2;
			productReference = A352EDC72EA27D620011B9D6 /* HLSDemo2.app */;
			productType = "com.apple.product-type.application";
		};
/* End PBXNativeTarget section */

/* Begin PBXProject section */
		A352EDBF2EA27D620011B9D6 /* Project object */ = {
			isa = PBXProject;
			attributes = {
				BuildIndependentTargetsInParallel = 1;
				LastSwiftUpdateCheck = 2600;
				LastUpgradeCheck = 2600;
				TargetAttributes = {
					A352EDC62EA27D620011B9D6 = {
						CreatedOnToolsVersion = 26.0;
						LastSwiftMigration = 2600;
					};
				};
			};
			buildConfigurationList = A352EDC22EA27D620011B9D6 /* Build configuration list for PBXProject "HLSDemo2" */;
			developmentRegion = en;
			hasScannedForEncodings = 0;
			knownRegions = (
				en,
				Base,
			);
			mainGroup = A352EDBE2EA27D620011B9D6;
			minimizedProjectReferenceProxies = 1;
			preferredProjectObjectVersion = 77;
			productRefGroup = A352EDC82EA27D620011B9D6 /* Products */;
			projectDirPath = "";
			projectRoot = "";
			targets = (
				A352EDC62EA27D620011B9D6 /* HLSDemo2 */,
			);
		};
/* End PBXProject section */

/* Begin PBXResourcesBuildPhase section */
		A352EDC52EA27D620011B9D6 /* Resources */ = {
			isa = PBXResourcesBuildPhase;
			buildActionMask = 2147483647;
			files = (
				A352EE2A2EA29D5B0011B9D6 /* Assets.xcassets in Resources */,
			);
			runOnlyForDeploymentPostprocessing = 0;
		};
/* End PBXResourcesBuildPhase section */

/* Begin PBXSourcesBuildPhase section */
		A352EDC32EA27D620011B9D6 /* Sources */ = {
			isa = PBXSourcesBuildPhase;
			buildActionMask = 2147483647;
			files = (
				A352EE772EA29FF60011B9D6 /* ImageLoader.swift in Sources */,
				A352EE782EA29FF60011B9D6 /* HTTPClient.swift in Sources */,
				A352EE792EA29FF60011B9D6 /* ReelsPagerRepresentable.swift in Sources */,
				A352EE7A2EA29FF60011B9D6 /* MainView.swift in Sources */,
				A352EE7B2EA29FF60011B9D6 /* SnappingFlowLayout.swift in Sources */,
				A352EE7C2EA29FF60011B9D6 /* ReelsViewModel.swift in Sources */,
				A352EE7D2EA29FF60011B9D6 /* ReelsPreheater.swift in Sources */,
				A352EE7F2EA29FF60011B9D6 /* VideoRecommendation.swift in Sources */,
				A352EE802EA29FF60011B9D6 /* ReelsPagerViewController.swift in Sources */,
				A352EE882EA2A0480011B9D6 /* ReelsDetailView.swift in Sources */,
				A352EE812EA29FF60011B9D6 /* VideoRepository.swift in Sources */,
				A352EE822EA29FF60011B9D6 /* ReelCell.swift in Sources */,
				A352EE832EA29FF60011B9D6 /* ReelsView.swift in Sources */,
				A352EE842EA29FF60011B9D6 /* DemoApp.swift in Sources */,
				A352EE852EA29FF60011B9D6 /* PlayerSurfaceUIView.swift in Sources */,
				A352EE862EA29FF60011B9D6 /* InteresnoAPI.swift in Sources */,
			);
			runOnlyForDeploymentPostprocessing = 0;
		};
/* End PBXSourcesBuildPhase section */

/* Begin XCBuildConfiguration section */
		A352EDD02EA27D650011B9D6 /* Debug */ = {
			isa = XCBuildConfiguration;
			buildSettings = {
				ALWAYS_SEARCH_USER_PATHS = NO;
				ASSETCATALOG_COMPILER_GENERATE_SWIFT_ASSET_SYMBOL_EXTENSIONS = YES;
				CLANG_ANALYZER_NONNULL = YES;
				CLANG_ANALYZER_NUMBER_OBJECT_CONVERSION = YES_AGGRESSIVE;
				CLANG_CXX_LANGUAGE_STANDARD = "gnu++20";
				CLANG_ENABLE_MODULES = YES;
				CLANG_ENABLE_OBJC_ARC = YES;
				CLANG_ENABLE_OBJC_WEAK = YES;
				CLANG_WARN_BLOCK_CAPTURE_AUTORELEASING = YES;
				CLANG_WARN_BOOL_CONVERSION = YES;
				CLANG_WARN_COMMA = YES;
				CLANG_WARN_CONSTANT_CONVERSION = YES;
				CLANG_WARN_DEPRECATED_OBJC_IMPLEMENTATIONS = YES;
				CLANG_WARN_DIRECT_OBJC_ISA_USAGE = YES_ERROR;
				CLANG_WARN_DOCUMENTATION_COMMENTS = YES;
				CLANG_WARN_EMPTY_BODY = YES;
				CLANG_WARN_ENUM_CONVERSION = YES;
				CLANG_WARN_INFINITE_RECURSION = YES;
				CLANG_WARN_INT_CONVERSION = YES;
				CLANG_WARN_NON_LITERAL_NULL_CONVERSION = YES;
				CLANG_WARN_OBJC_IMPLICIT_RETAIN_SELF = YES;
				CLANG_WARN_OBJC_LITERAL_CONVERSION = YES;
				CLANG_WARN_OBJC_ROOT_CLASS = YES_ERROR;
				CLANG_WARN_QUOTED_INCLUDE_IN_FRAMEWORK_HEADER = YES;
				CLANG_WARN_RANGE_LOOP_ANALYSIS = YES;
				CLANG_WARN_STRICT_PROTOTYPES = YES;
				CLANG_WARN_SUSPICIOUS_MOVE = YES;
				CLANG_WARN_UNGUARDED_AVAILABILITY = YES_AGGRESSIVE;
				CLANG_WARN_UNREACHABLE_CODE = YES;
				CLANG_WARN__DUPLICATE_METHOD_MATCH = YES;
				COPY_PHASE_STRIP = NO;
				DEBUG_INFORMATION_FORMAT = dwarf;
				DEVELOPMENT_TEAM = 2NVL5EUMWM;
				ENABLE_STRICT_OBJC_MSGSEND = YES;
				ENABLE_TESTABILITY = YES;
				ENABLE_USER_SCRIPT_SANDBOXING = YES;
				GCC_C_LANGUAGE_STANDARD = gnu17;
				GCC_DYNAMIC_NO_PIC = NO;
				GCC_NO_COMMON_BLOCKS = YES;
				GCC_OPTIMIZATION_LEVEL = 0;
				GCC_PREPROCESSOR_DEFINITIONS = (
					"DEBUG=1",
					"$(inherited)",
				);
				GCC_WARN_64_TO_32_BIT_CONVERSION = YES;
				GCC_WARN_ABOUT_RETURN_TYPE = YES_ERROR;
				GCC_WARN_UNDECLARED_SELECTOR = YES;
				GCC_WARN_UNINITIALIZED_AUTOS = YES_AGGRESSIVE;
				GCC_WARN_UNUSED_FUNCTION = YES;
				GCC_WARN_UNUSED_VARIABLE = YES;
				IPHONEOS_DEPLOYMENT_TARGET = 26.0;
				LOCALIZATION_PREFERS_STRING_CATALOGS = YES;
				MTL_ENABLE_DEBUG_INFO = INCLUDE_SOURCE;
				MTL_FAST_MATH = YES;
				ONLY_ACTIVE_ARCH = YES;
				SDKROOT = iphoneos;
				SWIFT_ACTIVE_COMPILATION_CONDITIONS = "DEBUG $(inherited)";
				SWIFT_OPTIMIZATION_LEVEL = "-Onone";
			};
			name = Debug;
		};
		A352EDD12EA27D650011B9D6 /* Release */ = {
			isa = XCBuildConfiguration;
			buildSettings = {
				ALWAYS_SEARCH_USER_PATHS = NO;
				ASSETCATALOG_COMPILER_GENERATE_SWIFT_ASSET_SYMBOL_EXTENSIONS = YES;
				CLANG_ANALYZER_NONNULL = YES;
				CLANG_ANALYZER_NUMBER_OBJECT_CONVERSION = YES_AGGRESSIVE;
				CLANG_CXX_LANGUAGE_STANDARD = "gnu++20";
				CLANG_ENABLE_MODULES = YES;
				CLANG_ENABLE_OBJC_ARC = YES;
				CLANG_ENABLE_OBJC_WEAK = YES;
				CLANG_WARN_BLOCK_CAPTURE_AUTORELEASING = YES;
				CLANG_WARN_BOOL_CONVERSION = YES;
				CLANG_WARN_COMMA = YES;
				CLANG_WARN_CONSTANT_CONVERSION = YES;
				CLANG_WARN_DEPRECATED_OBJC_IMPLEMENTATIONS = YES;
				CLANG_WARN_DIRECT_OBJC_ISA_USAGE = YES_ERROR;
				CLANG_WARN_DOCUMENTATION_COMMENTS = YES;
				CLANG_WARN_EMPTY_BODY = YES;
				CLANG_WARN_ENUM_CONVERSION = YES;
				CLANG_WARN_INFINITE_RECURSION = YES;
				CLANG_WARN_INT_CONVERSION = YES;
				CLANG_WARN_NON_LITERAL_NULL_CONVERSION = YES;
				CLANG_WARN_OBJC_IMPLICIT_RETAIN_SELF = YES;
				CLANG_WARN_OBJC_LITERAL_CONVERSION = YES;
				CLANG_WARN_OBJC_ROOT_CLASS = YES_ERROR;
				CLANG_WARN_QUOTED_INCLUDE_IN_FRAMEWORK_HEADER = YES;
				CLANG_WARN_RANGE_LOOP_ANALYSIS = YES;
				CLANG_WARN_STRICT_PROTOTYPES = YES;
				CLANG_WARN_SUSPICIOUS_MOVE = YES;
				CLANG_WARN_UNGUARDED_AVAILABILITY = YES_AGGRESSIVE;
				CLANG_WARN_UNREACHABLE_CODE = YES;
				CLANG_WARN__DUPLICATE_METHOD_MATCH = YES;
				COPY_PHASE_STRIP = NO;
				DEBUG_INFORMATION_FORMAT = "dwarf-with-dsym";
				DEVELOPMENT_TEAM = 2NVL5EUMWM;
				ENABLE_NS_ASSERTIONS = NO;
				ENABLE_STRICT_OBJC_MSGSEND = YES;
				ENABLE_USER_SCRIPT_SANDBOXING = YES;
				GCC_C_LANGUAGE_STANDARD = gnu17;
				GCC_NO_COMMON_BLOCKS = YES;
				GCC_WARN_64_TO_32_BIT_CONVERSION = YES;
				GCC_WARN_ABOUT_RETURN_TYPE = YES_ERROR;
				GCC_WARN_UNDECLARED_SELECTOR = YES;
				GCC_WARN_UNINITIALIZED_AUTOS = YES_AGGRESSIVE;
				GCC_WARN_UNUSED_FUNCTION = YES;
				GCC_WARN_UNUSED_VARIABLE = YES;
				IPHONEOS_DEPLOYMENT_TARGET = 26.0;
				LOCALIZATION_PREFERS_STRING_CATALOGS = YES;
				MTL_ENABLE_DEBUG_INFO = NO;
				MTL_FAST_MATH = YES;
				SDKROOT = iphoneos;
				SWIFT_COMPILATION_MODE = wholemodule;
				VALIDATE_PRODUCT = YES;
			};
			name = Release;
		};
		A352EDD32EA27D650011B9D6 /* Debug */ = {
			isa = XCBuildConfiguration;
			buildSettings = {
				ASSETCATALOG_COMPILER_APPICON_NAME = AppIcon;
				ASSETCATALOG_COMPILER_GLOBAL_ACCENT_COLOR_NAME = AccentColor;
				CLANG_ENABLE_MODULES = YES;
				CODE_SIGN_STYLE = Automatic;
				CURRENT_PROJECT_VERSION = 1;
				DEVELOPMENT_TEAM = 2NVL5EUMWM;
				ENABLE_PREVIEWS = YES;
				GENERATE_INFOPLIST_FILE = YES;
				INFOPLIST_KEY_UIApplicationSceneManifest_Generation = YES;
				INFOPLIST_KEY_UIApplicationSupportsIndirectInputEvents = YES;
				INFOPLIST_KEY_UILaunchScreen_Generation = YES;
				INFOPLIST_KEY_UISupportedInterfaceOrientations_iPad = "UIInterfaceOrientationPortrait UIInterfaceOrientationPortraitUpsideDown UIInterfaceOrientationLandscapeLeft UIInterfaceOrientationLandscapeRight";
				INFOPLIST_KEY_UISupportedInterfaceOrientations_iPhone = "UIInterfaceOrientationPortrait UIInterfaceOrientationLandscapeLeft UIInterfaceOrientationLandscapeRight";
				LD_RUNPATH_SEARCH_PATHS = (
					"$(inherited)",
					"@executable_path/Frameworks",
				);
				MARKETING_VERSION = 1.0;
				PRODUCT_BUNDLE_IDENTIFIER = niiazkhasanov.HLSDemo2;
				PRODUCT_NAME = "$(TARGET_NAME)";
				STRING_CATALOG_GENERATE_SYMBOLS = YES;
				SWIFT_APPROACHABLE_CONCURRENCY = YES;
				SWIFT_DEFAULT_ACTOR_ISOLATION = MainActor;
				SWIFT_EMIT_LOC_STRINGS = YES;
				SWIFT_OPTIMIZATION_LEVEL = "-Onone";
				SWIFT_UPCOMING_FEATURE_MEMBER_IMPORT_VISIBILITY = YES;
				SWIFT_VERSION = 5.0;
				TARGETED_DEVICE_FAMILY = "1,2";
			};
			name = Debug;
		};
		A352EDD42EA27D650011B9D6 /* Release */ = {
			isa = XCBuildConfiguration;
			buildSettings = {
				ASSETCATALOG_COMPILER_APPICON_NAME = AppIcon;
				ASSETCATALOG_COMPILER_GLOBAL_ACCENT_COLOR_NAME = AccentColor;
				CLANG_ENABLE_MODULES = YES;
				CODE_SIGN_STYLE = Automatic;
				CURRENT_PROJECT_VERSION = 1;
				DEVELOPMENT_TEAM = 2NVL5EUMWM;
				ENABLE_PREVIEWS = YES;
				GENERATE_INFOPLIST_FILE = YES;
				INFOPLIST_KEY_UIApplicationSceneManifest_Generation = YES;
				INFOPLIST_KEY_UIApplicationSupportsIndirectInputEvents = YES;
				INFOPLIST_KEY_UILaunchScreen_Generation = YES;
				INFOPLIST_KEY_UISupportedInterfaceOrientations_iPad = "UIInterfaceOrientationPortrait UIInterfaceOrientationPortraitUpsideDown UIInterfaceOrientationLandscapeLeft UIInterfaceOrientationLandscapeRight";
				INFOPLIST_KEY_UISupportedInterfaceOrientations_iPhone = "UIInterfaceOrientationPortrait UIInterfaceOrientationLandscapeLeft UIInterfaceOrientationLandscapeRight";
				LD_RUNPATH_SEARCH_PATHS = (
					"$(inherited)",
					"@executable_path/Frameworks",
				);
				MARKETING_VERSION = 1.0;
				PRODUCT_BUNDLE_IDENTIFIER = niiazkhasanov.HLSDemo2;
				PRODUCT_NAME = "$(TARGET_NAME)";
				STRING_CATALOG_GENERATE_SYMBOLS = YES;
				SWIFT_APPROACHABLE_CONCURRENCY = YES;
				SWIFT_DEFAULT_ACTOR_ISOLATION = MainActor;
				SWIFT_EMIT_LOC_STRINGS = YES;
				SWIFT_UPCOMING_FEATURE_MEMBER_IMPORT_VISIBILITY = YES;
				SWIFT_VERSION = 5.0;
				TARGETED_DEVICE_FAMILY = "1,2";
			};
			name = Release;
		};
/* End XCBuildConfiguration section */

/* Begin XCConfigurationList section */
		A352EDC22EA27D620011B9D6 /* Build configuration list for PBXProject "HLSDemo2" */ = {
			isa = XCConfigurationList;
			buildConfigurations = (
				A352EDD02EA27D650011B9D6 /* Debug */,
				A352EDD12EA27D650011B9D6 /* Release */,
			);
			defaultConfigurationIsVisible = 0;
			defaultConfigurationName = Release;
		};
		A352EDD22EA27D650011B9D6 /* Build configuration list for PBXNativeTarget "HLSDemo2" */ = {
			isa = XCConfigurationList;
			buildConfigurations = (
				A352EDD32EA27D650011B9D6 /* Debug */,
				A352EDD42EA27D650011B9D6 /* Release */,
			);
			defaultConfigurationIsVisible = 0;
			defaultConfigurationName = Release;
		};
/* End XCConfigurationList section */
	};
	rootObject = A352EDBF2EA27D620011B9D6 /* Project object */;
}
